// !$*UTF8*$!
{
	archiveVersion = 1;
	classes = {
	};
	objectVersion = 46;
	objects = {

/* Begin PBXBuildFile section */
		3FD55E2CC2627B1B57E759F0 /* libPods-HTTP_Networking_sample_objc.a in Frameworks */ = {isa = PBXBuildFile; fileRef = 11C30591AE3E50D124B7315D /* libPods-HTTP_Networking_sample_objc.a */; };
		55597C811ADF8BB700E49245 /* main.m in Sources */ = {isa = PBXBuildFile; fileRef = 55597C801ADF8BB700E49245 /* main.m */; };
		55597C841ADF8BB700E49245 /* AppDelegate.m in Sources */ = {isa = PBXBuildFile; fileRef = 55597C831ADF8BB700E49245 /* AppDelegate.m */; };
		55597C8C1ADF8BB700E49245 /* Images.xcassets in Resources */ = {isa = PBXBuildFile; fileRef = 55597C8B1ADF8BB700E49245 /* Images.xcassets */; };
		55597C8F1ADF8BB700E49245 /* LaunchScreen.xib in Resources */ = {isa = PBXBuildFile; fileRef = 55597C8D1ADF8BB700E49245 /* LaunchScreen.xib */; };
		55597C9B1ADF8BB700E49245 /* HTTP_Networking_sample_objcTests.m in Sources */ = {isa = PBXBuildFile; fileRef = 55597C9A1ADF8BB700E49245 /* HTTP_Networking_sample_objcTests.m */; };
		5586AFCD1AFC5FC9009D10C4 /* Entry.m in Sources */ = {isa = PBXBuildFile; fileRef = 5586AFCC1AFC5FC9009D10C4 /* Entry.m */; };
		5586AFD01AFC7645009D10C4 /* EntryListTableViewController.m in Sources */ = {isa = PBXBuildFile; fileRef = 5586AFCF1AFC7645009D10C4 /* EntryListTableViewController.m */; };
/* End PBXBuildFile section */

/* Begin PBXContainerItemProxy section */
		55597C951ADF8BB700E49245 /* PBXContainerItemProxy */ = {
			isa = PBXContainerItemProxy;
			containerPortal = 55597C731ADF8BB700E49245 /* Project object */;
			proxyType = 1;
			remoteGlobalIDString = 55597C7A1ADF8BB700E49245;
			remoteInfo = HTTP_Networking_sample_objc;
		};
/* End PBXContainerItemProxy section */

/* Begin PBXFileReference section */
		11C30591AE3E50D124B7315D /* libPods-HTTP_Networking_sample_objc.a */ = {isa = PBXFileReference; explicitFileType = archive.ar; includeInIndex = 0; path = "libPods-HTTP_Networking_sample_objc.a"; sourceTree = BUILT_PRODUCTS_DIR; };
		4FA30723C9CB6BE9DEB9D0C3 /* Pods-HTTP_Networking_sample_objc.release.xcconfig */ = {isa = PBXFileReference; includeInIndex = 1; lastKnownFileType = text.xcconfig; name = "Pods-HTTP_Networking_sample_objc.release.xcconfig"; path = "Pods/Target Support Files/Pods-HTTP_Networking_sample_objc/Pods-HTTP_Networking_sample_objc.release.xcconfig"; sourceTree = "<group>"; };
		55597C7B1ADF8BB700E49245 /* HTTP_Networking_sample_objc.app */ = {isa = PBXFileReference; explicitFileType = wrapper.application; includeInIndex = 0; path = HTTP_Networking_sample_objc.app; sourceTree = BUILT_PRODUCTS_DIR; };
		55597C7F1ADF8BB700E49245 /* Info.plist */ = {isa = PBXFileReference; lastKnownFileType = text.plist.xml; path = Info.plist; sourceTree = "<group>"; };
		55597C801ADF8BB700E49245 /* main.m */ = {isa = PBXFileReference; lastKnownFileType = sourcecode.c.objc; path = main.m; sourceTree = "<group>"; };
		55597C821ADF8BB700E49245 /* AppDelegate.h */ = {isa = PBXFileReference; lastKnownFileType = sourcecode.c.h; path = AppDelegate.h; sourceTree = "<group>"; };
		55597C831ADF8BB700E49245 /* AppDelegate.m */ = {isa = PBXFileReference; lastKnownFileType = sourcecode.c.objc; path = AppDelegate.m; sourceTree = "<group>"; };
		55597C8B1ADF8BB700E49245 /* Images.xcassets */ = {isa = PBXFileReference; lastKnownFileType = folder.assetcatalog; path = Images.xcassets; sourceTree = "<group>"; };
		55597C8E1ADF8BB700E49245 /* Base */ = {isa = PBXFileReference; lastKnownFileType = file.xib; name = Base; path = Base.lproj/LaunchScreen.xib; sourceTree = "<group>"; };
		55597C941ADF8BB700E49245 /* HTTP_Networking_sample_objcTests.xctest */ = {isa = PBXFileReference; explicitFileType = wrapper.cfbundle; includeInIndex = 0; path = HTTP_Networking_sample_objcTests.xctest; sourceTree = BUILT_PRODUCTS_DIR; };
		55597C991ADF8BB700E49245 /* Info.plist */ = {isa = PBXFileReference; lastKnownFileType = text.plist.xml; path = Info.plist; sourceTree = "<group>"; };
		55597C9A1ADF8BB700E49245 /* HTTP_Networking_sample_objcTests.m */ = {isa = PBXFileReference; lastKnownFileType = sourcecode.c.objc; path = HTTP_Networking_sample_objcTests.m; sourceTree = "<group>"; };
		5586AFCB1AFC5FC9009D10C4 /* Entry.h */ = {isa = PBXFileReference; fileEncoding = 4; lastKnownFileType = sourcecode.c.h; path = Entry.h; sourceTree = "<group>"; };
		5586AFCC1AFC5FC9009D10C4 /* Entry.m */ = {isa = PBXFileReference; fileEncoding = 4; lastKnownFileType = sourcecode.c.objc; path = Entry.m; sourceTree = "<group>"; };
		5586AFCE1AFC7645009D10C4 /* EntryListTableViewController.h */ = {isa = PBXFileReference; fileEncoding = 4; lastKnownFileType = sourcecode.c.h; path = EntryListTableViewController.h; sourceTree = "<group>"; };
		5586AFCF1AFC7645009D10C4 /* EntryListTableViewController.m */ = {isa = PBXFileReference; fileEncoding = 4; lastKnownFileType = sourcecode.c.objc; path = EntryListTableViewController.m; sourceTree = "<group>"; };
		96871A58D0B9EF36F957CC00 /* Pods-HTTP_Networking_sample_objc.debug.xcconfig */ = {isa = PBXFileReference; includeInIndex = 1; lastKnownFileType = text.xcconfig; name = "Pods-HTTP_Networking_sample_objc.debug.xcconfig"; path = "Pods/Target Support Files/Pods-HTTP_Networking_sample_objc/Pods-HTTP_Networking_sample_objc.debug.xcconfig"; sourceTree = "<group>"; };
/* End PBXFileReference section */

/* Begin PBXFrameworksBuildPhase section */
		55597C781ADF8BB700E49245 /* Frameworks */ = {
			isa = PBXFrameworksBuildPhase;
			buildActionMask = 2147483647;
			files = (
				3FD55E2CC2627B1B57E759F0 /* libPods-HTTP_Networking_sample_objc.a in Frameworks */,
			);
			runOnlyForDeploymentPostprocessing = 0;
		};
		55597C911ADF8BB700E49245 /* Frameworks */ = {
			isa = PBXFrameworksBuildPhase;
			buildActionMask = 2147483647;
			files = (
			);
			runOnlyForDeploymentPostprocessing = 0;
		};
/* End PBXFrameworksBuildPhase section */

/* Begin PBXGroup section */
		55597C721ADF8BB700E49245 = {
			isa = PBXGroup;
			children = (
				55597C7D1ADF8BB700E49245 /* HTTP_Networking_sample_objc */,
				55597C971ADF8BB700E49245 /* HTTP_Networking_sample_objcTests */,
				55597C7C1ADF8BB700E49245 /* Products */,
				9F9651ED764A9EE1579CD202 /* Pods */,
				E64CCC4F6118FDF10C6CA0BE /* Frameworks */,
			);
			sourceTree = "<group>";
		};
		55597C7C1ADF8BB700E49245 /* Products */ = {
			isa = PBXGroup;
			children = (
				55597C7B1ADF8BB700E49245 /* HTTP_Networking_sample_objc.app */,
				55597C941ADF8BB700E49245 /* HTTP_Networking_sample_objcTests.xctest */,
			);
			name = Products;
			sourceTree = "<group>";
		};
		55597C7D1ADF8BB700E49245 /* HTTP_Networking_sample_objc */ = {
			isa = PBXGroup;
			children = (
				55597C821ADF8BB700E49245 /* AppDelegate.h */,
				55597C831ADF8BB700E49245 /* AppDelegate.m */,
				5586AFD51AFC878B009D10C4 /* Model */,
				5586AFD41AFC8785009D10C4 /* Controller */,
				55597C8B1ADF8BB700E49245 /* Images.xcassets */,
				55597C8D1ADF8BB700E49245 /* LaunchScreen.xib */,
				55597C7E1ADF8BB700E49245 /* Supporting Files */,
			);
			path = HTTP_Networking_sample_objc;
			sourceTree = "<group>";
		};
		55597C7E1ADF8BB700E49245 /* Supporting Files */ = {
			isa = PBXGroup;
			children = (
				55597C7F1ADF8BB700E49245 /* Info.plist */,
				55597C801ADF8BB700E49245 /* main.m */,
			);
			name = "Supporting Files";
			sourceTree = "<group>";
		};
		55597C971ADF8BB700E49245 /* HTTP_Networking_sample_objcTests */ = {
			isa = PBXGroup;
			children = (
				55597C9A1ADF8BB700E49245 /* HTTP_Networking_sample_objcTests.m */,
				55597C981ADF8BB700E49245 /* Supporting Files */,
			);
			path = HTTP_Networking_sample_objcTests;
			sourceTree = "<group>";
		};
		55597C981ADF8BB700E49245 /* Supporting Files */ = {
			isa = PBXGroup;
			children = (
				55597C991ADF8BB700E49245 /* Info.plist */,
			);
			name = "Supporting Files";
			sourceTree = "<group>";
		};
		5586AFD41AFC8785009D10C4 /* Controller */ = {
			isa = PBXGroup;
			children = (
				5586AFCE1AFC7645009D10C4 /* EntryListTableViewController.h */,
				5586AFCF1AFC7645009D10C4 /* EntryListTableViewController.m */,
			);
			name = Controller;
			sourceTree = "<group>";
		};
		5586AFD51AFC878B009D10C4 /* Model */ = {
			isa = PBXGroup;
			children = (
				5586AFCB1AFC5FC9009D10C4 /* Entry.h */,
				5586AFCC1AFC5FC9009D10C4 /* Entry.m */,
			);
			name = Model;
			sourceTree = "<group>";
		};
		9F9651ED764A9EE1579CD202 /* Pods */ = {
			isa = PBXGroup;
			children = (
				96871A58D0B9EF36F957CC00 /* Pods-HTTP_Networking_sample_objc.debug.xcconfig */,
				4FA30723C9CB6BE9DEB9D0C3 /* Pods-HTTP_Networking_sample_objc.release.xcconfig */,
			);
			name = Pods;
			sourceTree = "<group>";
		};
		E64CCC4F6118FDF10C6CA0BE /* Frameworks */ = {
			isa = PBXGroup;
			children = (
				11C30591AE3E50D124B7315D /* libPods-HTTP_Networking_sample_objc.a */,
			);
			name = Frameworks;
			sourceTree = "<group>";
		};
/* End PBXGroup section */

/* Begin PBXNativeTarget section */
		55597C7A1ADF8BB700E49245 /* HTTP_Networking_sample_objc */ = {
			isa = PBXNativeTarget;
			buildConfigurationList = 55597C9E1ADF8BB700E49245 /* Build configuration list for PBXNativeTarget "HTTP_Networking_sample_objc" */;
			buildPhases = (
				468D9F54E5F6C02DEC8F12C5 /* Check Pods Manifest.lock */,
				55597C771ADF8BB700E49245 /* Sources */,
				55597C781ADF8BB700E49245 /* Frameworks */,
				55597C791ADF8BB700E49245 /* Resources */,
				62ECA065F8DF922C8B8F28AC /* Copy Pods Resources */,
			);
			buildRules = (
			);
			dependencies = (
			);
			name = HTTP_Networking_sample_objc;
			productName = HTTP_Networking_sample_objc;
			productReference = 55597C7B1ADF8BB700E49245 /* HTTP_Networking_sample_objc.app */;
			productType = "com.apple.product-type.application";
		};
		55597C931ADF8BB700E49245 /* HTTP_Networking_sample_objcTests */ = {
			isa = PBXNativeTarget;
			buildConfigurationList = 55597CA11ADF8BB700E49245 /* Build configuration list for PBXNativeTarget "HTTP_Networking_sample_objcTests" */;
			buildPhases = (
				55597C901ADF8BB700E49245 /* Sources */,
				55597C911ADF8BB700E49245 /* Frameworks */,
				55597C921ADF8BB700E49245 /* Resources */,
			);
			buildRules = (
			);
			dependencies = (
				55597C961ADF8BB700E49245 /* PBXTargetDependency */,
			);
			name = HTTP_Networking_sample_objcTests;
			productName = HTTP_Networking_sample_objcTests;
			productReference = 55597C941ADF8BB700E49245 /* HTTP_Networking_sample_objcTests.xctest */;
			productType = "com.apple.product-type.bundle.unit-test";
		};
/* End PBXNativeTarget section */

/* Begin PBXProject section */
		55597C731ADF8BB700E49245 /* Project object */ = {
			isa = PBXProject;
			attributes = {
				LastUpgradeCheck = 0630;
				ORGANIZATIONNAME = "Kohei Hayakawa";
				TargetAttributes = {
					55597C7A1ADF8BB700E49245 = {
						CreatedOnToolsVersion = 6.3;
					};
					55597C931ADF8BB700E49245 = {
						CreatedOnToolsVersion = 6.3;
						TestTargetID = 55597C7A1ADF8BB700E49245;
					};
				};
			};
			buildConfigurationList = 55597C761ADF8BB700E49245 /* Build configuration list for PBXProject "HTTP_Networking_sample_objc" */;
			compatibilityVersion = "Xcode 3.2";
			developmentRegion = English;
			hasScannedForEncodings = 0;
			knownRegions = (
				en,
				Base,
			);
			mainGroup = 55597C721ADF8BB700E49245;
			productRefGroup = 55597C7C1ADF8BB700E49245 /* Products */;
			projectDirPath = "";
			projectRoot = "";
			targets = (
				55597C7A1ADF8BB700E49245 /* HTTP_Networking_sample_objc */,
				55597C931ADF8BB700E49245 /* HTTP_Networking_sample_objcTests */,
			);
		};
/* End PBXProject section */

/* Begin PBXResourcesBuildPhase section */
		55597C791ADF8BB700E49245 /* Resources */ = {
			isa = PBXResourcesBuildPhase;
			buildActionMask = 2147483647;
			files = (
				55597C8F1ADF8BB700E49245 /* LaunchScreen.xib in Resources */,
				55597C8C1ADF8BB700E49245 /* Images.xcassets in Resources */,
			);
			runOnlyForDeploymentPostprocessing = 0;
		};
		55597C921ADF8BB700E49245 /* Resources */ = {
			isa = PBXResourcesBuildPhase;
			buildActionMask = 2147483647;
			files = (
			);
			runOnlyForDeploymentPostprocessing = 0;
		};
/* End PBXResourcesBuildPhase section */

/* Begin PBXShellScriptBuildPhase section */
		468D9F54E5F6C02DEC8F12C5 /* Check Pods Manifest.lock */ = {
			isa = PBXShellScriptBuildPhase;
			buildActionMask = 2147483647;
			files = (
			);
			inputPaths = (
			);
			name = "Check Pods Manifest.lock";
			outputPaths = (
			);
			runOnlyForDeploymentPostprocessing = 0;
			shellPath = /bin/sh;
			shellScript = "diff \"${PODS_ROOT}/../Podfile.lock\" \"${PODS_ROOT}/Manifest.lock\" > /dev/null\nif [[ $? != 0 ]] ; then\n    cat << EOM\nerror: The sandbox is not in sync with the Podfile.lock. Run 'pod install' or update your CocoaPods installation.\nEOM\n    exit 1\nfi\n";
			showEnvVarsInLog = 0;
		};
		62ECA065F8DF922C8B8F28AC /* Copy Pods Resources */ = {
			isa = PBXShellScriptBuildPhase;
			buildActionMask = 2147483647;
			files = (
			);
			inputPaths = (
			);
			name = "Copy Pods Resources";
			outputPaths = (
			);
			runOnlyForDeploymentPostprocessing = 0;
			shellPath = /bin/sh;
			shellScript = "\"${SRCROOT}/Pods/Target Support Files/Pods-HTTP_Networking_sample_objc/Pods-HTTP_Networking_sample_objc-resources.sh\"\n";
			showEnvVarsInLog = 0;
		};
/* End PBXShellScriptBuildPhase section */

/* Begin PBXSourcesBuildPhase section */
		55597C771ADF8BB700E49245 /* Sources */ = {
			isa = PBXSourcesBuildPhase;
			buildActionMask = 2147483647;
			files = (
				5586AFCD1AFC5FC9009D10C4 /* Entry.m in Sources */,
				55597C841ADF8BB700E49245 /* AppDelegate.m in Sources */,
				55597C811ADF8BB700E49245 /* main.m in Sources */,
				5586AFD01AFC7645009D10C4 /* EntryListTableViewController.m in Sources */,
			);
			runOnlyForDeploymentPostprocessing = 0;
		};
		55597C901ADF8BB700E49245 /* Sources */ = {
			isa = PBXSourcesBuildPhase;
			buildActionMask = 2147483647;
			files = (
				55597C9B1ADF8BB700E49245 /* HTTP_Networking_sample_objcTests.m in Sources */,
			);
			runOnlyForDeploymentPostprocessing = 0;
		};
/* End PBXSourcesBuildPhase section */

/* Begin PBXTargetDependency section */
		55597C961ADF8BB700E49245 /* PBXTargetDependency */ = {
			isa = PBXTargetDependency;
			target = 55597C7A1ADF8BB700E49245 /* HTTP_Networking_sample_objc */;
			targetProxy = 55597C951ADF8BB700E49245 /* PBXContainerItemProxy */;
		};
/* End PBXTargetDependency section */

/* Begin PBXVariantGroup section */
		55597C8D1ADF8BB700E49245 /* LaunchScreen.xib */ = {
			isa = PBXVariantGroup;
			children = (
				55597C8E1ADF8BB700E49245 /* Base */,
			);
			name = LaunchScreen.xib;
			sourceTree = "<group>";
		};
/* End PBXVariantGroup section */

/* Begin XCBuildConfiguration section */
		55597C9C1ADF8BB700E49245 /* Debug */ = {
			isa = XCBuildConfiguration;
			buildSettings = {
				ALWAYS_SEARCH_USER_PATHS = NO;
				CLANG_CXX_LANGUAGE_STANDARD = "gnu++0x";
				CLANG_CXX_LIBRARY = "libc++";
				CLANG_ENABLE_MODULES = YES;
				CLANG_ENABLE_OBJC_ARC = YES;
				CLANG_WARN_BOOL_CONVERSION = YES;
				CLANG_WARN_CONSTANT_CONVERSION = YES;
				CLANG_WARN_DIRECT_OBJC_ISA_USAGE = YES_ERROR;
				CLANG_WARN_EMPTY_BODY = YES;
				CLANG_WARN_ENUM_CONVERSION = YES;
				CLANG_WARN_INT_CONVERSION = YES;
				CLANG_WARN_OBJC_ROOT_CLASS = YES_ERROR;
				CLANG_WARN_UNREACHABLE_CODE = YES;
				CLANG_WARN__DUPLICATE_METHOD_MATCH = YES;
				"CODE_SIGN_IDENTITY[sdk=iphoneos*]" = "iPhone Developer";
				COPY_PHASE_STRIP = NO;
				DEBUG_INFORMATION_FORMAT = "dwarf-with-dsym";
				ENABLE_STRICT_OBJC_MSGSEND = YES;
				GCC_C_LANGUAGE_STANDARD = gnu99;
				GCC_DYNAMIC_NO_PIC = NO;
				GCC_NO_COMMON_BLOCKS = YES;
				GCC_OPTIMIZATION_LEVEL = 0;
				GCC_PREPROCESSOR_DEFINITIONS = (
					"DEBUG=1",
					"$(inherited)",
				);
				GCC_SYMBOLS_PRIVATE_EXTERN = NO;
				GCC_WARN_64_TO_32_BIT_CONVERSION = YES;
				GCC_WARN_ABOUT_RETURN_TYPE = YES_ERROR;
				GCC_WARN_UNDECLARED_SELECTOR = YES;
				GCC_WARN_UNINITIALIZED_AUTOS = YES_AGGRESSIVE;
				GCC_WARN_UNUSED_FUNCTION = YES;
				GCC_WARN_UNUSED_VARIABLE = YES;
				IPHONEOS_DEPLOYMENT_TARGET = 8.3;
				MTL_ENABLE_DEBUG_INFO = YES;
				ONLY_ACTIVE_ARCH = YES;
				SDKROOT = iphoneos;
			};
			name = Debug;
		};
		55597C9D1ADF8BB700E49245 /* Release */ = {
			isa = XCBuildConfiguration;
			buildSettings = {
				ALWAYS_SEARCH_USER_PATHS = NO;
				CLANG_CXX_LANGUAGE_STANDARD = "gnu++0x";
				CLANG_CXX_LIBRARY = "libc++";
				CLANG_ENABLE_MODULES = YES;
				CLANG_ENABLE_OBJC_ARC = YES;
				CLANG_WARN_BOOL_CONVERSION = YES;
				CLANG_WARN_CONSTANT_CONVERSION = YES;
				CLANG_WARN_DIRECT_OBJC_ISA_USAGE = YES_ERROR;
				CLANG_WARN_EMPTY_BODY = YES;
				CLANG_WARN_ENUM_CONVERSION = YES;
				CLANG_WARN_INT_CONVERSION = YES;
				CLANG_WARN_OBJC_ROOT_CLASS = YES_ERROR;
				CLANG_WARN_UNREACHABLE_CODE = YES;
				CLANG_WARN__DUPLICATE_METHOD_MATCH = YES;
				"CODE_SIGN_IDENTITY[sdk=iphoneos*]" = "iPhone Developer";
				COPY_PHASE_STRIP = NO;
				DEBUG_INFORMATION_FORMAT = "dwarf-with-dsym";
				ENABLE_NS_ASSERTIONS = NO;
				ENABLE_STRICT_OBJC_MSGSEND = YES;
				GCC_C_LANGUAGE_STANDARD = gnu99;
				GCC_NO_COMMON_BLOCKS = YES;
				GCC_WARN_64_TO_32_BIT_CONVERSION = YES;
				GCC_WARN_ABOUT_RETURN_TYPE = YES_ERROR;
				GCC_WARN_UNDECLARED_SELECTOR = YES;
				GCC_WARN_UNINITIALIZED_AUTOS = YES_AGGRESSIVE;
				GCC_WARN_UNUSED_FUNCTION = YES;
				GCC_WARN_UNUSED_VARIABLE = YES;
				IPHONEOS_DEPLOYMENT_TARGET = 8.3;
				MTL_ENABLE_DEBUG_INFO = NO;
				SDKROOT = iphoneos;
				VALIDATE_PRODUCT = YES;
			};
			name = Release;
		};
		55597C9F1ADF8BB700E49245 /* Debug */ = {
			isa = XCBuildConfiguration;
			baseConfigurationReference = 96871A58D0B9EF36F957CC00 /* Pods-HTTP_Networking_sample_objc.debug.xcconfig */;
			buildSettings = {
				ASSETCATALOG_COMPILER_APPICON_NAME = AppIcon;
				INFOPLIST_FILE = HTTP_Networking_sample_objc/Info.plist;
				LD_RUNPATH_SEARCH_PATHS = "$(inherited) @executable_path/Frameworks";
				PRODUCT_NAME = "$(TARGET_NAME)";
			};
			name = Debug;
		};
		55597CA01ADF8BB700E49245 /* Release */ = {
			isa = XCBuildConfiguration;
			baseConfigurationReference = 4FA30723C9CB6BE9DEB9D0C3 /* Pods-HTTP_Networking_sample_objc.release.xcconfig */;
			buildSettings = {
				ASSETCATALOG_COMPILER_APPICON_NAME = AppIcon;
				INFOPLIST_FILE = HTTP_Networking_sample_objc/Info.plist;
				LD_RUNPATH_SEARCH_PATHS = "$(inherited) @executable_path/Frameworks";
				PRODUCT_NAME = "$(TARGET_NAME)";
			};
			name = Release;
		};
		55597CA21ADF8BB700E49245 /* Debug */ = {
			isa = XCBuildConfiguration;
			buildSettings = {
				BUNDLE_LOADER = "$(TEST_HOST)";
				FRAMEWORK_SEARCH_PATHS = (
					"$(SDKROOT)/Developer/Library/Frameworks",
					"$(inherited)",
				);
				GCC_PREPROCESSOR_DEFINITIONS = (
					"DEBUG=1",
					"$(inherited)",
				);
				INFOPLIST_FILE = HTTP_Networking_sample_objcTests/Info.plist;
				LD_RUNPATH_SEARCH_PATHS = "$(inherited) @executable_path/Frameworks @loader_path/Frameworks";
				PRODUCT_NAME = "$(TARGET_NAME)";
				TEST_HOST = "$(BUILT_PRODUCTS_DIR)/HTTP_Networking_sample_objc.app/HTTP_Networking_sample_objc";
			};
			name = Debug;
		};
		55597CA31ADF8BB700E49245 /* Release */ = {
			isa = XCBuildConfiguration;
			buildSettings = {
				BUNDLE_LOADER = "$(TEST_HOST)";
				FRAMEWORK_SEARCH_PATHS = (
					"$(SDKROOT)/Developer/Library/Frameworks",
					"$(inherited)",
				);
				INFOPLIST_FILE = HTTP_Networking_sample_objcTests/Info.plist;
				LD_RUNPATH_SEARCH_PATHS = "$(inherited) @executable_path/Frameworks @loader_path/Frameworks";
				PRODUCT_NAME = "$(TARGET_NAME)";
				TEST_HOST = "$(BUILT_PRODUCTS_DIR)/HTTP_Networking_sample_objc.app/HTTP_Networking_sample_objc";
			};
			name = Release;
		};
/* End XCBuildConfiguration section */

/* Begin XCConfigurationList section */
		55597C761ADF8BB700E49245 /* Build configuration list for PBXProject "HTTP_Networking_sample_objc" */ = {
			isa = XCConfigurationList;
			buildConfigurations = (
				55597C9C1ADF8BB700E49245 /* Debug */,
				55597C9D1ADF8BB700E49245 /* Release */,
			);
			defaultConfigurationIsVisible = 0;
			defaultConfigurationName = Release;
		};
		55597C9E1ADF8BB700E49245 /* Build configuration list for PBXNativeTarget "HTTP_Networking_sample_objc" */ = {
			isa = XCConfigurationList;
			buildConfigurations = (
				55597C9F1ADF8BB700E49245 /* Debug */,
				55597CA01ADF8BB700E49245 /* Release */,
			);
			defaultConfigurationIsVisible = 0;
			defaultConfigurationName = Release;
		};
		55597CA11ADF8BB700E49245 /* Build configuration list for PBXNativeTarget "HTTP_Networking_sample_objcTests" */ = {
			isa = XCConfigurationList;
			buildConfigurations = (
				55597CA21ADF8BB700E49245 /* Debug */,
				55597CA31ADF8BB700E49245 /* Release */,
			);
			defaultConfigurationIsVisible = 0;
			defaultConfigurationName = Release;
		};
/* End XCConfigurationList section */
	};
	rootObject = 55597C731ADF8BB700E49245 /* Project object */;
}
